
Microsoft Visual Studio Solution File, Format Version 12.00
# Visual Studio Version 16
VisualStudioVersion = 16.0.29102.190
MinimumVisualStudioVersion = 10.0.40219.1
Project("{F2A71F9B-5D33-465A-A702-920D77279786}") = "CATNeuroNF", "CATNeuroNF\CATNeuroNF.fsproj", "{2D312756-B788-4C8E-95EB-ABBD95C8C491}"
EndProject
Project("{F2A71F9B-5D33-465A-A702-920D77279786}") = "CATNeuroCore", "CATNeuroCore\CATNeuroCore.fsproj", "{5DBCC269-C752-4409-9A11-9D9AB2E8A198}"
EndProject
Global
	GlobalSection(SolutionConfigurationPlatforms) = preSolution
		Debug|Any CPU = Debug|Any CPU
		Release|Any CPU = Release|Any CPU
	EndGlobalSection
	GlobalSection(ProjectConfigurationPlatforms) = postSolution
		{2D312756-B788-4C8E-95EB-ABBD95C8C491}.Debug|Any CPU.ActiveCfg = Debug|Any CPU
		{2D312756-B788-4C8E-95EB-ABBD95C8C491}.Debug|Any CPU.Build.0 = Debug|Any CPU
		{2D312756-B788-4C8E-95EB-ABBD95C8C491}.Release|Any CPU.ActiveCfg = Release|Any CPU
		{2D312756-B788-4C8E-95EB-ABBD95C8C491}.Release|Any CPU.Build.0 = Release|Any CPU
		{5DBCC269-C752-4409-9A11-9D9AB2E8A198}.Debug|Any CPU.ActiveCfg = Debug|Any CPU
		{5DBCC269-C752-4409-9A11-9D9AB2E8A198}.Debug|Any CPU.Build.0 = Debug|Any CPU
		{5DBCC269-C752-4409-9A11-9D9AB2E8A198}.Release|Any CPU.ActiveCfg = Release|Any CPU
		{5DBCC269-C752-4409-9A11-9D9AB2E8A198}.Release|Any CPU.Build.0 = Release|Any CPU
	EndGlobalSection
	GlobalSection(SolutionProperties) = preSolution
		HideSolutionNode = FALSE
	EndGlobalSection
	GlobalSection(ExtensibilityGlobals) = postSolution
		SolutionGuid = {50B5FED3-0BC4-4BCD-B8DB-560CD368035D}
	EndGlobalSection
EndGlobal
