
Microsoft Visual Studio Solution File, Format Version 12.00
# Visual Studio Version 16
VisualStudioVersion = 16.0.29102.190
MinimumVisualStudioVersion = 10.0.40219.1
Project("{6EC3EE1D-3C4E-46DD-8F32-0CC8E7565705}") = "CATNeuro", "CATNeuro\CATNeuro.fsproj", "{0BEE57EC-146C-47E6-9CCF-8A10CF1A3838}"
EndProject
Project("{F2A71F9B-5D33-465A-A702-920D77279786}") = "CATNeuroCharts", "CATNeuroCharts\CATNeuroCharts.fsproj", "{CC6D9A62-8A4E-4959-9887-567B24664424}"
EndProject
Global
	GlobalSection(SolutionConfigurationPlatforms) = preSolution
		Debug|Any CPU = Debug|Any CPU
		Release|Any CPU = Release|Any CPU
	EndGlobalSection
	GlobalSection(ProjectConfigurationPlatforms) = postSolution
		{0BEE57EC-146C-47E6-9CCF-8A10CF1A3838}.Debug|Any CPU.ActiveCfg = Debug|Any CPU
		{0BEE57EC-146C-47E6-9CCF-8A10CF1A3838}.Debug|Any CPU.Build.0 = Debug|Any CPU
		{0BEE57EC-146C-47E6-9CCF-8A10CF1A3838}.Release|Any CPU.ActiveCfg = Release|Any CPU
		{0BEE57EC-146C-47E6-9CCF-8A10CF1A3838}.Release|Any CPU.Build.0 = Release|Any CPU
		{CC6D9A62-8A4E-4959-9887-567B24664424}.Debug|Any CPU.ActiveCfg = Debug|Any CPU
		{CC6D9A62-8A4E-4959-9887-567B24664424}.Debug|Any CPU.Build.0 = Debug|Any CPU
		{CC6D9A62-8A4E-4959-9887-567B24664424}.Release|Any CPU.ActiveCfg = Release|Any CPU
		{CC6D9A62-8A4E-4959-9887-567B24664424}.Release|Any CPU.Build.0 = Release|Any CPU
	EndGlobalSection
	GlobalSection(SolutionProperties) = preSolution
		HideSolutionNode = FALSE
	EndGlobalSection
	GlobalSection(ExtensibilityGlobals) = postSolution
		SolutionGuid = {50B5FED3-0BC4-4BCD-B8DB-560CD368035D}
	EndGlobalSection
EndGlobal
